// !$*UTF8*$!
{
	archiveVersion = 1;
	classes = {
	};
	objectVersion = 54;
	objects = {

/* Begin PBXBuildFile section */
		DF38BF7C2680C249000ABC8F /* StorageManager.swift in Sources */ = {isa = PBXBuildFile; fileRef = DF38BF7B2680C249000ABC8F /* StorageManager.swift */; };
		DF49F32326830A4200B7090A /* ImageViewWithPlaceholder.swift in Sources */ = {isa = PBXBuildFile; fileRef = DF49F32226830A4200B7090A /* ImageViewWithPlaceholder.swift */; };
		DF909F5B26B5D69100BB927C /* UIBarButtonItem visibility.swift in Sources */ = {isa = PBXBuildFile; fileRef = DF909F5A26B5D69100BB927C /* UIBarButtonItem visibility.swift */; };
		DFA4E5A92680971D00095F77 /* Asset identifiers.swift in Sources */ = {isa = PBXBuildFile; fileRef = DFA4E5A82680971D00095F77 /* Asset identifiers.swift */; };
		DFB8F9BA267F298D00D2AAFD /* LoadedPictureView.swift in Sources */ = {isa = PBXBuildFile; fileRef = DFB8F9B9267F298D00D2AAFD /* LoadedPictureView.swift */; };
		DFB8F9BC267F29B100D2AAFD /* LoadedPictureViewController.swift in Sources */ = {isa = PBXBuildFile; fileRef = DFB8F9BB267F29B100D2AAFD /* LoadedPictureViewController.swift */; };
		DFB8F9BE26807AB800D2AAFD /* AppSettings.swift in Sources */ = {isa = PBXBuildFile; fileRef = DFB8F9BD26807AB800D2AAFD /* AppSettings.swift */; };
		DFB8F9C02680841700D2AAFD /* SettingsViewController.swift in Sources */ = {isa = PBXBuildFile; fileRef = DFB8F9BF2680841700D2AAFD /* SettingsViewController.swift */; };
		DFB8F9C226808FB200D2AAFD /* UIView borders.swift in Sources */ = {isa = PBXBuildFile; fileRef = DFB8F9C126808FB200D2AAFD /* UIView borders.swift */; };
		DFDD5166267D97A60037CD5E /* AppDelegate.swift in Sources */ = {isa = PBXBuildFile; fileRef = DFDD5165267D97A60037CD5E /* AppDelegate.swift */; };
		DFDD516A267D97A60037CD5E /* MainViewController.swift in Sources */ = {isa = PBXBuildFile; fileRef = DFDD5169267D97A60037CD5E /* MainViewController.swift */; };
		DFDD516D267D97A60037CD5E /* Main.storyboard in Resources */ = {isa = PBXBuildFile; fileRef = DFDD516B267D97A60037CD5E /* Main.storyboard */; };
		DFDD516F267D97A80037CD5E /* Assets.xcassets in Resources */ = {isa = PBXBuildFile; fileRef = DFDD516E267D97A80037CD5E /* Assets.xcassets */; };
		DFDD5172267D97A80037CD5E /* LaunchScreen.storyboard in Resources */ = {isa = PBXBuildFile; fileRef = DFDD5170267D97A80037CD5E /* LaunchScreen.storyboard */; };
		DFDD517A267DC4F30037CD5E /* Storyboard identifiers.swift in Sources */ = {isa = PBXBuildFile; fileRef = DFDD5179267DC4F30037CD5E /* Storyboard identifiers.swift */; };
		E26117985BEDC1A1C3681C39 /* Pods_Entry_Card.framework in Frameworks */ = {isa = PBXBuildFile; fileRef = 3873AB63810DF2464546F94B /* Pods_Entry_Card.framework */; };
/* End PBXBuildFile section */

/* Begin PBXFileReference section */
		18C20FFE59950DDCA0E53356 /* Pods-Entry Card.release.xcconfig */ = {isa = PBXFileReference; includeInIndex = 1; lastKnownFileType = text.xcconfig; name = "Pods-Entry Card.release.xcconfig"; path = "Target Support Files/Pods-Entry Card/Pods-Entry Card.release.xcconfig"; sourceTree = "<group>"; };
		3873AB63810DF2464546F94B /* Pods_Entry_Card.framework */ = {isa = PBXFileReference; explicitFileType = wrapper.framework; includeInIndex = 0; path = Pods_Entry_Card.framework; sourceTree = BUILT_PRODUCTS_DIR; };
		DF38BF7B2680C249000ABC8F /* StorageManager.swift */ = {isa = PBXFileReference; lastKnownFileType = sourcecode.swift; path = StorageManager.swift; sourceTree = "<group>"; };
		DF49F32226830A4200B7090A /* ImageViewWithPlaceholder.swift */ = {isa = PBXFileReference; lastKnownFileType = sourcecode.swift; path = ImageViewWithPlaceholder.swift; sourceTree = "<group>"; };
		DF909F5A26B5D69100BB927C /* UIBarButtonItem visibility.swift */ = {isa = PBXFileReference; lastKnownFileType = sourcecode.swift; path = "UIBarButtonItem visibility.swift"; sourceTree = "<group>"; };
		DFA4E5A82680971D00095F77 /* Asset identifiers.swift */ = {isa = PBXFileReference; lastKnownFileType = sourcecode.swift; path = "Asset identifiers.swift"; sourceTree = "<group>"; };
		DFB8F9B9267F298D00D2AAFD /* LoadedPictureView.swift */ = {isa = PBXFileReference; lastKnownFileType = sourcecode.swift; path = LoadedPictureView.swift; sourceTree = "<group>"; };
		DFB8F9BB267F29B100D2AAFD /* LoadedPictureViewController.swift */ = {isa = PBXFileReference; lastKnownFileType = sourcecode.swift; path = LoadedPictureViewController.swift; sourceTree = "<group>"; };
		DFB8F9BD26807AB800D2AAFD /* AppSettings.swift */ = {isa = PBXFileReference; lastKnownFileType = sourcecode.swift; path = AppSettings.swift; sourceTree = "<group>"; };
		DFB8F9BF2680841700D2AAFD /* SettingsViewController.swift */ = {isa = PBXFileReference; lastKnownFileType = sourcecode.swift; path = SettingsViewController.swift; sourceTree = "<group>"; };
		DFB8F9C126808FB200D2AAFD /* UIView borders.swift */ = {isa = PBXFileReference; lastKnownFileType = sourcecode.swift; path = "UIView borders.swift"; sourceTree = "<group>"; };
		DFDD5162267D97A60037CD5E /* Entry Card.app */ = {isa = PBXFileReference; explicitFileType = wrapper.application; includeInIndex = 0; path = "Entry Card.app"; sourceTree = BUILT_PRODUCTS_DIR; };
		DFDD5165267D97A60037CD5E /* AppDelegate.swift */ = {isa = PBXFileReference; lastKnownFileType = sourcecode.swift; path = AppDelegate.swift; sourceTree = "<group>"; };
		DFDD5169267D97A60037CD5E /* MainViewController.swift */ = {isa = PBXFileReference; lastKnownFileType = sourcecode.swift; path = MainViewController.swift; sourceTree = "<group>"; };
		DFDD516C267D97A60037CD5E /* Base */ = {isa = PBXFileReference; lastKnownFileType = file.storyboard; name = Base; path = Base.lproj/Main.storyboard; sourceTree = "<group>"; };
		DFDD516E267D97A80037CD5E /* Assets.xcassets */ = {isa = PBXFileReference; lastKnownFileType = folder.assetcatalog; path = Assets.xcassets; sourceTree = "<group>"; };
		DFDD5171267D97A80037CD5E /* Base */ = {isa = PBXFileReference; lastKnownFileType = file.storyboard; name = Base; path = Base.lproj/LaunchScreen.storyboard; sourceTree = "<group>"; };
		DFDD5173267D97A80037CD5E /* Info.plist */ = {isa = PBXFileReference; lastKnownFileType = text.plist.xml; path = Info.plist; sourceTree = "<group>"; };
		DFDD5179267DC4F30037CD5E /* Storyboard identifiers.swift */ = {isa = PBXFileReference; lastKnownFileType = sourcecode.swift; path = "Storyboard identifiers.swift"; sourceTree = "<group>"; };
		E235C861D42A074CA048F18A /* Pods-Entry Card.debug.xcconfig */ = {isa = PBXFileReference; includeInIndex = 1; lastKnownFileType = text.xcconfig; name = "Pods-Entry Card.debug.xcconfig"; path = "Target Support Files/Pods-Entry Card/Pods-Entry Card.debug.xcconfig"; sourceTree = "<group>"; };
/* End PBXFileReference section */

/* Begin PBXFrameworksBuildPhase section */
		DFDD515F267D97A60037CD5E /* Frameworks */ = {
			isa = PBXFrameworksBuildPhase;
			buildActionMask = 2147483647;
			files = (
				E26117985BEDC1A1C3681C39 /* Pods_Entry_Card.framework in Frameworks */,
			);
			runOnlyForDeploymentPostprocessing = 0;
		};
/* End PBXFrameworksBuildPhase section */

/* Begin PBXGroup section */
		4798F40314AE8ED9326AB3FD /* Frameworks */ = {
			isa = PBXGroup;
			children = (
				3873AB63810DF2464546F94B /* Pods_Entry_Card.framework */,
			);
			name = Frameworks;
			sourceTree = "<group>";
		};
		DFDD5159267D97A60037CD5E = {
			isa = PBXGroup;
			children = (
				DFDD5164267D97A60037CD5E /* Entry Card */,
				DFDD5163267D97A60037CD5E /* Products */,
				F6BA9AA0FA2303EB9C015393 /* Pods */,
				4798F40314AE8ED9326AB3FD /* Frameworks */,
			);
			sourceTree = "<group>";
		};
		DFDD5163267D97A60037CD5E /* Products */ = {
			isa = PBXGroup;
			children = (
				DFDD5162267D97A60037CD5E /* Entry Card.app */,
			);
			name = Products;
			sourceTree = "<group>";
		};
		DFDD5164267D97A60037CD5E /* Entry Card */ = {
			isa = PBXGroup;
			children = (
				DFDD5165267D97A60037CD5E /* AppDelegate.swift */,
				DFB8F9BD26807AB800D2AAFD /* AppSettings.swift */,
				DFA4E5A82680971D00095F77 /* Asset identifiers.swift */,
				DF49F32226830A4200B7090A /* ImageViewWithPlaceholder.swift */,
				DFB8F9B9267F298D00D2AAFD /* LoadedPictureView.swift */,
				DFB8F9BB267F29B100D2AAFD /* LoadedPictureViewController.swift */,
				DFDD5169267D97A60037CD5E /* MainViewController.swift */,
				DFB8F9BF2680841700D2AAFD /* SettingsViewController.swift */,
				DF38BF7B2680C249000ABC8F /* StorageManager.swift */,
				DFDD5179267DC4F30037CD5E /* Storyboard identifiers.swift */,
				DF909F5A26B5D69100BB927C /* UIBarButtonItem visibility.swift */,
				DFB8F9C126808FB200D2AAFD /* UIView borders.swift */,
				DFDD516E267D97A80037CD5E /* Assets.xcassets */,
				DFDD5170267D97A80037CD5E /* LaunchScreen.storyboard */,
				DFDD516B267D97A60037CD5E /* Main.storyboard */,
				DFDD5173267D97A80037CD5E /* Info.plist */,
			);
			path = "Entry Card";
			sourceTree = "<group>";
		};
		F6BA9AA0FA2303EB9C015393 /* Pods */ = {
			isa = PBXGroup;
			children = (
				E235C861D42A074CA048F18A /* Pods-Entry Card.debug.xcconfig */,
				18C20FFE59950DDCA0E53356 /* Pods-Entry Card.release.xcconfig */,
			);
			path = Pods;
			sourceTree = "<group>";
		};
/* End PBXGroup section */

/* Begin PBXNativeTarget section */
		DFDD5161267D97A60037CD5E /* Entry Card */ = {
			isa = PBXNativeTarget;
			buildConfigurationList = DFDD5176267D97A80037CD5E /* Build configuration list for PBXNativeTarget "Entry Card" */;
			buildPhases = (
				4E9A965F1A8F1FC021FA3DC4 /* [CP] Check Pods Manifest.lock */,
				DFDD515E267D97A60037CD5E /* Sources */,
				DFDD515F267D97A60037CD5E /* Frameworks */,
				DFDD5160267D97A60037CD5E /* Resources */,
				6B5079AB61EAB3E66D286A40 /* [CP] Embed Pods Frameworks */,
			);
			buildRules = (
			);
			dependencies = (
			);
			name = "Entry Card";
			productName = "Entry Card";
			productReference = DFDD5162267D97A60037CD5E /* Entry Card.app */;
			productType = "com.apple.product-type.application";
		};
/* End PBXNativeTarget section */

/* Begin PBXProject section */
		DFDD515A267D97A60037CD5E /* Project object */ = {
			isa = PBXProject;
			attributes = {
				LastSwiftUpdateCheck = 1250;
				LastUpgradeCheck = 1250;
				TargetAttributes = {
					DFDD5161267D97A60037CD5E = {
						CreatedOnToolsVersion = 12.5;
					};
				};
			};
			buildConfigurationList = DFDD515D267D97A60037CD5E /* Build configuration list for PBXProject "Entry Card" */;
			compatibilityVersion = "Xcode 12.0";
			developmentRegion = en;
			hasScannedForEncodings = 0;
			knownRegions = (
				en,
				Base,
			);
			mainGroup = DFDD5159267D97A60037CD5E;
			productRefGroup = DFDD5163267D97A60037CD5E /* Products */;
			projectDirPath = "";
			projectRoot = "";
			targets = (
				DFDD5161267D97A60037CD5E /* Entry Card */,
			);
		};
/* End PBXProject section */

/* Begin PBXResourcesBuildPhase section */
		DFDD5160267D97A60037CD5E /* Resources */ = {
			isa = PBXResourcesBuildPhase;
			buildActionMask = 2147483647;
			files = (
				DFDD5172267D97A80037CD5E /* LaunchScreen.storyboard in Resources */,
				DFDD516F267D97A80037CD5E /* Assets.xcassets in Resources */,
				DFDD516D267D97A60037CD5E /* Main.storyboard in Resources */,
			);
			runOnlyForDeploymentPostprocessing = 0;
		};
/* End PBXResourcesBuildPhase section */

/* Begin PBXShellScriptBuildPhase section */
		4E9A965F1A8F1FC021FA3DC4 /* [CP] Check Pods Manifest.lock */ = {
			isa = PBXShellScriptBuildPhase;
			buildActionMask = 2147483647;
			files = (
			);
			inputFileListPaths = (
			);
			inputPaths = (
				"${PODS_PODFILE_DIR_PATH}/Podfile.lock",
				"${PODS_ROOT}/Manifest.lock",
			);
			name = "[CP] Check Pods Manifest.lock";
			outputFileListPaths = (
			);
			outputPaths = (
				"$(DERIVED_FILE_DIR)/Pods-Entry Card-checkManifestLockResult.txt",
			);
			runOnlyForDeploymentPostprocessing = 0;
			shellPath = /bin/sh;
			shellScript = "diff \"${PODS_PODFILE_DIR_PATH}/Podfile.lock\" \"${PODS_ROOT}/Manifest.lock\" > /dev/null\nif [ $? != 0 ] ; then\n    # print error to STDERR\n    echo \"error: The sandbox is not in sync with the Podfile.lock. Run 'pod install' or update your CocoaPods installation.\" >&2\n    exit 1\nfi\n# This output is used by Xcode 'outputs' to avoid re-running this script phase.\necho \"SUCCESS\" > \"${SCRIPT_OUTPUT_FILE_0}\"\n";
			showEnvVarsInLog = 0;
		};
		6B5079AB61EAB3E66D286A40 /* [CP] Embed Pods Frameworks */ = {
			isa = PBXShellScriptBuildPhase;
			buildActionMask = 2147483647;
			files = (
			);
			inputFileListPaths = (
				"${PODS_ROOT}/Target Support Files/Pods-Entry Card/Pods-Entry Card-frameworks-${CONFIGURATION}-input-files.xcfilelist",
			);
			name = "[CP] Embed Pods Frameworks";
			outputFileListPaths = (
				"${PODS_ROOT}/Target Support Files/Pods-Entry Card/Pods-Entry Card-frameworks-${CONFIGURATION}-output-files.xcfilelist",
			);
			runOnlyForDeploymentPostprocessing = 0;
			shellPath = /bin/sh;
			shellScript = "\"${PODS_ROOT}/Target Support Files/Pods-Entry Card/Pods-Entry Card-frameworks.sh\"\n";
			showEnvVarsInLog = 0;
		};
/* End PBXShellScriptBuildPhase section */

/* Begin PBXSourcesBuildPhase section */
		DFDD515E267D97A60037CD5E /* Sources */ = {
			isa = PBXSourcesBuildPhase;
			buildActionMask = 2147483647;
			files = (
				DFB8F9BC267F29B100D2AAFD /* LoadedPictureViewController.swift in Sources */,
				DFDD516A267D97A60037CD5E /* MainViewController.swift in Sources */,
				DF909F5B26B5D69100BB927C /* UIBarButtonItem visibility.swift in Sources */,
				DFDD517A267DC4F30037CD5E /* Storyboard identifiers.swift in Sources */,
				DFB8F9BE26807AB800D2AAFD /* AppSettings.swift in Sources */,
				DFB8F9BA267F298D00D2AAFD /* LoadedPictureView.swift in Sources */,
				DFDD5166267D97A60037CD5E /* AppDelegate.swift in Sources */,
				DFB8F9C226808FB200D2AAFD /* UIView borders.swift in Sources */,
				DFA4E5A92680971D00095F77 /* Asset identifiers.swift in Sources */,
				DFB8F9C02680841700D2AAFD /* SettingsViewController.swift in Sources */,
				DF49F32326830A4200B7090A /* ImageViewWithPlaceholder.swift in Sources */,
				DF38BF7C2680C249000ABC8F /* StorageManager.swift in Sources */,
			);
			runOnlyForDeploymentPostprocessing = 0;
		};
/* End PBXSourcesBuildPhase section */

/* Begin PBXVariantGroup section */
		DFDD516B267D97A60037CD5E /* Main.storyboard */ = {
			isa = PBXVariantGroup;
			children = (
				DFDD516C267D97A60037CD5E /* Base */,
			);
			name = Main.storyboard;
			sourceTree = "<group>";
		};
		DFDD5170267D97A80037CD5E /* LaunchScreen.storyboard */ = {
			isa = PBXVariantGroup;
			children = (
				DFDD5171267D97A80037CD5E /* Base */,
			);
			name = LaunchScreen.storyboard;
			sourceTree = "<group>";
		};
/* End PBXVariantGroup section */

/* Begin XCBuildConfiguration section */
		DFDD5174267D97A80037CD5E /* Debug */ = {
			isa = XCBuildConfiguration;
			buildSettings = {
				ALWAYS_SEARCH_USER_PATHS = NO;
				CLANG_ANALYZER_NONNULL = YES;
				CLANG_ANALYZER_NUMBER_OBJECT_CONVERSION = YES_AGGRESSIVE;
				CLANG_CXX_LANGUAGE_STANDARD = "gnu++14";
				CLANG_CXX_LIBRARY = "libc++";
				CLANG_ENABLE_MODULES = YES;
				CLANG_ENABLE_OBJC_ARC = YES;
				CLANG_ENABLE_OBJC_WEAK = YES;
				CLANG_WARN_BLOCK_CAPTURE_AUTORELEASING = YES;
				CLANG_WARN_BOOL_CONVERSION = YES;
				CLANG_WARN_COMMA = YES;
				CLANG_WARN_CONSTANT_CONVERSION = YES;
				CLANG_WARN_DEPRECATED_OBJC_IMPLEMENTATIONS = YES;
				CLANG_WARN_DIRECT_OBJC_ISA_USAGE = YES_ERROR;
				CLANG_WARN_DOCUMENTATION_COMMENTS = YES;
				CLANG_WARN_EMPTY_BODY = YES;
				CLANG_WARN_ENUM_CONVERSION = YES;
				CLANG_WARN_INFINITE_RECURSION = YES;
				CLANG_WARN_INT_CONVERSION = YES;
				CLANG_WARN_NON_LITERAL_NULL_CONVERSION = YES;
				CLANG_WARN_OBJC_IMPLICIT_RETAIN_SELF = YES;
				CLANG_WARN_OBJC_LITERAL_CONVERSION = YES;
				CLANG_WARN_OBJC_ROOT_CLASS = YES_ERROR;
				CLANG_WARN_QUOTED_INCLUDE_IN_FRAMEWORK_HEADER = YES;
				CLANG_WARN_RANGE_LOOP_ANALYSIS = YES;
				CLANG_WARN_STRICT_PROTOTYPES = YES;
				CLANG_WARN_SUSPICIOUS_MOVE = YES;
				CLANG_WARN_UNGUARDED_AVAILABILITY = YES_AGGRESSIVE;
				CLANG_WARN_UNREACHABLE_CODE = YES;
				CLANG_WARN__DUPLICATE_METHOD_MATCH = YES;
				COPY_PHASE_STRIP = NO;
				DEBUG_INFORMATION_FORMAT = dwarf;
				ENABLE_STRICT_OBJC_MSGSEND = YES;
				ENABLE_TESTABILITY = YES;
				GCC_C_LANGUAGE_STANDARD = gnu11;
				GCC_DYNAMIC_NO_PIC = NO;
				GCC_NO_COMMON_BLOCKS = YES;
				GCC_OPTIMIZATION_LEVEL = 0;
				GCC_PREPROCESSOR_DEFINITIONS = (
					"DEBUG=1",
					"$(inherited)",
				);
				GCC_WARN_64_TO_32_BIT_CONVERSION = YES;
				GCC_WARN_ABOUT_RETURN_TYPE = YES_ERROR;
				GCC_WARN_UNDECLARED_SELECTOR = YES;
				GCC_WARN_UNINITIALIZED_AUTOS = YES_AGGRESSIVE;
				GCC_WARN_UNUSED_FUNCTION = YES;
				GCC_WARN_UNUSED_VARIABLE = YES;
				IPHONEOS_DEPLOYMENT_TARGET = 12.3;
				MTL_ENABLE_DEBUG_INFO = INCLUDE_SOURCE;
				MTL_FAST_MATH = YES;
				ONLY_ACTIVE_ARCH = YES;
				SDKROOT = iphoneos;
				SWIFT_ACTIVE_COMPILATION_CONDITIONS = DEBUG;
				SWIFT_OPTIMIZATION_LEVEL = "-Onone";
			};
			name = Debug;
		};
		DFDD5175267D97A80037CD5E /* Release */ = {
			isa = XCBuildConfiguration;
			buildSettings = {
				ALWAYS_SEARCH_USER_PATHS = NO;
				CLANG_ANALYZER_NONNULL = YES;
				CLANG_ANALYZER_NUMBER_OBJECT_CONVERSION = YES_AGGRESSIVE;
				CLANG_CXX_LANGUAGE_STANDARD = "gnu++14";
				CLANG_CXX_LIBRARY = "libc++";
				CLANG_ENABLE_MODULES = YES;
				CLANG_ENABLE_OBJC_ARC = YES;
				CLANG_ENABLE_OBJC_WEAK = YES;
				CLANG_WARN_BLOCK_CAPTURE_AUTORELEASING = YES;
				CLANG_WARN_BOOL_CONVERSION = YES;
				CLANG_WARN_COMMA = YES;
				CLANG_WARN_CONSTANT_CONVERSION = YES;
				CLANG_WARN_DEPRECATED_OBJC_IMPLEMENTATIONS = YES;
				CLANG_WARN_DIRECT_OBJC_ISA_USAGE = YES_ERROR;
				CLANG_WARN_DOCUMENTATION_COMMENTS = YES;
				CLANG_WARN_EMPTY_BODY = YES;
				CLANG_WARN_ENUM_CONVERSION = YES;
				CLANG_WARN_INFINITE_RECURSION = YES;
				CLANG_WARN_INT_CONVERSION = YES;
				CLANG_WARN_NON_LITERAL_NULL_CONVERSION = YES;
				CLANG_WARN_OBJC_IMPLICIT_RETAIN_SELF = YES;
				CLANG_WARN_OBJC_LITERAL_CONVERSION = YES;
				CLANG_WARN_OBJC_ROOT_CLASS = YES_ERROR;
				CLANG_WARN_QUOTED_INCLUDE_IN_FRAMEWORK_HEADER = YES;
				CLANG_WARN_RANGE_LOOP_ANALYSIS = YES;
				CLANG_WARN_STRICT_PROTOTYPES = YES;
				CLANG_WARN_SUSPICIOUS_MOVE = YES;
				CLANG_WARN_UNGUARDED_AVAILABILITY = YES_AGGRESSIVE;
				CLANG_WARN_UNREACHABLE_CODE = YES;
				CLANG_WARN__DUPLICATE_METHOD_MATCH = YES;
				COPY_PHASE_STRIP = NO;
				DEBUG_INFORMATION_FORMAT = "dwarf-with-dsym";
				ENABLE_NS_ASSERTIONS = NO;
				ENABLE_STRICT_OBJC_MSGSEND = YES;
				GCC_C_LANGUAGE_STANDARD = gnu11;
				GCC_NO_COMMON_BLOCKS = YES;
				GCC_WARN_64_TO_32_BIT_CONVERSION = YES;
				GCC_WARN_ABOUT_RETURN_TYPE = YES_ERROR;
				GCC_WARN_UNDECLARED_SELECTOR = YES;
				GCC_WARN_UNINITIALIZED_AUTOS = YES_AGGRESSIVE;
				GCC_WARN_UNUSED_FUNCTION = YES;
				GCC_WARN_UNUSED_VARIABLE = YES;
				IPHONEOS_DEPLOYMENT_TARGET = 12.3;
				MTL_ENABLE_DEBUG_INFO = NO;
				MTL_FAST_MATH = YES;
				SDKROOT = iphoneos;
				SWIFT_COMPILATION_MODE = wholemodule;
				SWIFT_OPTIMIZATION_LEVEL = "-O";
				VALIDATE_PRODUCT = YES;
			};
			name = Release;
		};
		DFDD5177267D97A80037CD5E /* Debug */ = {
			isa = XCBuildConfiguration;
			baseConfigurationReference = E235C861D42A074CA048F18A /* Pods-Entry Card.debug.xcconfig */;
			buildSettings = {
				ASSETCATALOG_COMPILER_APPICON_NAME = AppIcon;
				ASSETCATALOG_COMPILER_GLOBAL_ACCENT_COLOR_NAME = AccentColor;
				CODE_SIGN_STYLE = Automatic;
				CURRENT_PROJECT_VERSION = 3;
				INFOPLIST_FILE = "Entry Card/Info.plist";
				IPHONEOS_DEPLOYMENT_TARGET = 12.3;
				LD_RUNPATH_SEARCH_PATHS = (
					"$(inherited)",
					"@executable_path/Frameworks",
				);
				PRODUCT_BUNDLE_IDENTIFIER = "lardieri.Entry-Card";
				PRODUCT_NAME = "$(TARGET_NAME)";
				SWIFT_VERSION = 5.0;
				TARGETED_DEVICE_FAMILY = "1,2";
			};
			name = Debug;
		};
		DFDD5178267D97A80037CD5E /* Release */ = {
			isa = XCBuildConfiguration;
			baseConfigurationReference = 18C20FFE59950DDCA0E53356 /* Pods-Entry Card.release.xcconfig */;
			buildSettings = {
				ASSETCATALOG_COMPILER_APPICON_NAME = AppIcon;
				ASSETCATALOG_COMPILER_GLOBAL_ACCENT_COLOR_NAME = AccentColor;
				CODE_SIGN_STYLE = Automatic;
				CURRENT_PROJECT_VERSION = 3;
				INFOPLIST_FILE = "Entry Card/Info.plist";
				IPHONEOS_DEPLOYMENT_TARGET = 12.3;
				LD_RUNPATH_SEARCH_PATHS = (
					"$(inherited)",
					"@executable_path/Frameworks",
				);
				PRODUCT_BUNDLE_IDENTIFIER = "lardieri.Entry-Card";
				PRODUCT_NAME = "$(TARGET_NAME)";
				SWIFT_VERSION = 5.0;
				TARGETED_DEVICE_FAMILY = "1,2";
			};
			name = Release;
		};
/* End XCBuildConfiguration section */

/* Begin XCConfigurationList section */
		DFDD515D267D97A60037CD5E /* Build configuration list for PBXProject "Entry Card" */ = {
			isa = XCConfigurationList;
			buildConfigurations = (
				DFDD5174267D97A80037CD5E /* Debug */,
				DFDD5175267D97A80037CD5E /* Release */,
			);
			defaultConfigurationIsVisible = 0;
			defaultConfigurationName = Release;
		};
		DFDD5176267D97A80037CD5E /* Build configuration list for PBXNativeTarget "Entry Card" */ = {
			isa = XCConfigurationList;
			buildConfigurations = (
				DFDD5177267D97A80037CD5E /* Debug */,
				DFDD5178267D97A80037CD5E /* Release */,
			);
			defaultConfigurationIsVisible = 0;
			defaultConfigurationName = Release;
		};
/* End XCConfigurationList section */
	};
	rootObject = DFDD515A267D97A60037CD5E /* Project object */;
}
