PODS:
  - BrightnessToggle (0.5.1)

DEPENDENCIES:
  - BrightnessToggle (from `https://github.com/lardieri/BrightnessToggle.git`)

EXTERNAL SOURCES:
  BrightnessToggle:
    :git: https://github.com/lardieri/BrightnessToggle.git

CHECKOUT OPTIONS:
  BrightnessToggle:
    :commit: 4df2943ee8e5c315f5f41134cc8ea628393e0752
    :git: https://github.com/lardieri/BrightnessToggle.git

SPEC CHECKSUMS:
  BrightnessToggle: 8d5fa03fcafd18eb6a3796569a5854b8cb2dd365

PODFILE CHECKSUM: 4a70218cb8b472929e424600fee8d2816412f227

COCOAPODS: 1.10.1
